// !$*UTF8*$!
{
	archiveVersion = 1;
	classes = {
	};
	objectVersion = 46;
	objects = {

/* Begin PBXBuildFile section */
		995F98FF2556521522C1A2CB /* Pods_DGButton.framework in Frameworks */ = {isa = PBXBuildFile; fileRef = 7A26FB2CD1B62D622F2D09F7 /* Pods_DGButton.framework */; };
		C36336371FC50BA500EECA54 /* main.m in Sources */ = {isa = PBXBuildFile; fileRef = C36336361FC50BA500EECA54 /* main.m */; };
		C363363A1FC50BA500EECA54 /* AppDelegate.m in Sources */ = {isa = PBXBuildFile; fileRef = C36336391FC50BA500EECA54 /* AppDelegate.m */; };
		C363363D1FC50BA500EECA54 /* ViewController.m in Sources */ = {isa = PBXBuildFile; fileRef = C363363C1FC50BA500EECA54 /* ViewController.m */; };
		C36336401FC50BA500EECA54 /* Main.storyboard in Resources */ = {isa = PBXBuildFile; fileRef = C363363E1FC50BA500EECA54 /* Main.storyboard */; };
		C36336421FC50BA500EECA54 /* Assets.xcassets in Resources */ = {isa = PBXBuildFile; fileRef = C36336411FC50BA500EECA54 /* Assets.xcassets */; };
		C36336451FC50BA500EECA54 /* LaunchScreen.storyboard in Resources */ = {isa = PBXBuildFile; fileRef = C36336431FC50BA500EECA54 /* LaunchScreen.storyboard */; };
		C363364F1FC50D2E00EECA54 /* DGButton.m in Sources */ = {isa = PBXBuildFile; fileRef = C363364E1FC50D2E00EECA54 /* DGButton.m */; };
/* End PBXBuildFile section */

/* Begin PBXFileReference section */
		7A26FB2CD1B62D622F2D09F7 /* Pods_DGButton.framework */ = {isa = PBXFileReference; explicitFileType = wrapper.framework; includeInIndex = 0; path = Pods_DGButton.framework; sourceTree = BUILT_PRODUCTS_DIR; };
		BACDED58468F47B4B0973E27 /* Pods-DGButton.debug.xcconfig */ = {isa = PBXFileReference; includeInIndex = 1; lastKnownFileType = text.xcconfig; name = "Pods-DGButton.debug.xcconfig"; path = "Pods/Target Support Files/Pods-DGButton/Pods-DGButton.debug.xcconfig"; sourceTree = "<group>"; };
		C36336321FC50BA500EECA54 /* DGButton.app */ = {isa = PBXFileReference; explicitFileType = wrapper.application; includeInIndex = 0; path = DGButton.app; sourceTree = BUILT_PRODUCTS_DIR; };
		C36336361FC50BA500EECA54 /* main.m */ = {isa = PBXFileReference; lastKnownFileType = sourcecode.c.objc; path = main.m; sourceTree = "<group>"; };
		C36336381FC50BA500EECA54 /* AppDelegate.h */ = {isa = PBXFileReference; lastKnownFileType = sourcecode.c.h; path = AppDelegate.h; sourceTree = "<group>"; };
		C36336391FC50BA500EECA54 /* AppDelegate.m */ = {isa = PBXFileReference; lastKnownFileType = sourcecode.c.objc; path = AppDelegate.m; sourceTree = "<group>"; };
		C363363B1FC50BA500EECA54 /* ViewController.h */ = {isa = PBXFileReference; lastKnownFileType = sourcecode.c.h; path = ViewController.h; sourceTree = "<group>"; };
		C363363C1FC50BA500EECA54 /* ViewController.m */ = {isa = PBXFileReference; lastKnownFileType = sourcecode.c.objc; path = ViewController.m; sourceTree = "<group>"; };
		C363363F1FC50BA500EECA54 /* Base */ = {isa = PBXFileReference; lastKnownFileType = file.storyboard; name = Base; path = Base.lproj/Main.storyboard; sourceTree = "<group>"; };
		C36336411FC50BA500EECA54 /* Assets.xcassets */ = {isa = PBXFileReference; lastKnownFileType = folder.assetcatalog; path = Assets.xcassets; sourceTree = "<group>"; };
		C36336441FC50BA500EECA54 /* Base */ = {isa = PBXFileReference; lastKnownFileType = file.storyboard; name = Base; path = Base.lproj/LaunchScreen.storyboard; sourceTree = "<group>"; };
		C36336461FC50BA500EECA54 /* Info.plist */ = {isa = PBXFileReference; lastKnownFileType = text.plist.xml; path = Info.plist; sourceTree = "<group>"; };
		C363364D1FC50D2E00EECA54 /* DGButton.h */ = {isa = PBXFileReference; fileEncoding = 4; lastKnownFileType = sourcecode.c.h; path = DGButton.h; sourceTree = "<group>"; };
		C363364E1FC50D2E00EECA54 /* DGButton.m */ = {isa = PBXFileReference; fileEncoding = 4; lastKnownFileType = sourcecode.c.objc; path = DGButton.m; sourceTree = "<group>"; };
		D0E82ACCDF3B2FBAE961E23F /* Pods-DGButton.release.xcconfig */ = {isa = PBXFileReference; includeInIndex = 1; lastKnownFileType = text.xcconfig; name = "Pods-DGButton.release.xcconfig"; path = "Pods/Target Support Files/Pods-DGButton/Pods-DGButton.release.xcconfig"; sourceTree = "<group>"; };
/* End PBXFileReference section */

/* Begin PBXFrameworksBuildPhase section */
		C363362F1FC50BA400EECA54 /* Frameworks */ = {
			isa = PBXFrameworksBuildPhase;
			buildActionMask = 2147483647;
			files = (
				995F98FF2556521522C1A2CB /* Pods_DGButton.framework in Frameworks */,
			);
			runOnlyForDeploymentPostprocessing = 0;
		};
/* End PBXFrameworksBuildPhase section */

/* Begin PBXGroup section */
		8C07305821CD50A992D90BB6 /* Frameworks */ = {
			isa = PBXGroup;
			children = (
				7A26FB2CD1B62D622F2D09F7 /* Pods_DGButton.framework */,
			);
			name = Frameworks;
			sourceTree = "<group>";
		};
		C36336291FC50BA400EECA54 = {
			isa = PBXGroup;
			children = (
				C36336341FC50BA500EECA54 /* DGButton */,
				C36336331FC50BA500EECA54 /* Products */,
				F7C1F6E9744EC93D3A11E499 /* Pods */,
				8C07305821CD50A992D90BB6 /* Frameworks */,
			);
			sourceTree = "<group>";
		};
		C36336331FC50BA500EECA54 /* Products */ = {
			isa = PBXGroup;
			children = (
				C36336321FC50BA500EECA54 /* DGButton.app */,
			);
			name = Products;
			sourceTree = "<group>";
		};
		C36336341FC50BA500EECA54 /* DGButton */ = {
			isa = PBXGroup;
			children = (
				C363364C1FC50C2600EECA54 /* DGButtonSDK */,
				C36336351FC50BA500EECA54 /* Supporting Files */,
			);
			path = DGButton;
			sourceTree = "<group>";
		};
		C36336351FC50BA500EECA54 /* Supporting Files */ = {
			isa = PBXGroup;
			children = (
				C36336381FC50BA500EECA54 /* AppDelegate.h */,
				C36336391FC50BA500EECA54 /* AppDelegate.m */,
				C363363B1FC50BA500EECA54 /* ViewController.h */,
				C363363C1FC50BA500EECA54 /* ViewController.m */,
				C363363E1FC50BA500EECA54 /* Main.storyboard */,
				C36336411FC50BA500EECA54 /* Assets.xcassets */,
				C36336431FC50BA500EECA54 /* LaunchScreen.storyboard */,
				C36336461FC50BA500EECA54 /* Info.plist */,
				C36336361FC50BA500EECA54 /* main.m */,
			);
			name = "Supporting Files";
			sourceTree = "<group>";
		};
		C363364C1FC50C2600EECA54 /* DGButtonSDK */ = {
			isa = PBXGroup;
			children = (
				C363364D1FC50D2E00EECA54 /* DGButton.h */,
				C363364E1FC50D2E00EECA54 /* DGButton.m */,
			);
			path = DGButtonSDK;
			sourceTree = "<group>";
		};
		F7C1F6E9744EC93D3A11E499 /* Pods */ = {
			isa = PBXGroup;
			children = (
				BACDED58468F47B4B0973E27 /* Pods-DGButton.debug.xcconfig */,
				D0E82ACCDF3B2FBAE961E23F /* Pods-DGButton.release.xcconfig */,
			);
			name = Pods;
			sourceTree = "<group>";
		};
/* End PBXGroup section */

/* Begin PBXNativeTarget section */
		C36336311FC50BA400EECA54 /* DGButton */ = {
			isa = PBXNativeTarget;
			buildConfigurationList = C36336491FC50BA500EECA54 /* Build configuration list for PBXNativeTarget "DGButton" */;
			buildPhases = (
				9E6BEC17D96CDB9D274778CB /* [CP] Check Pods Manifest.lock */,
				C363362E1FC50BA400EECA54 /* Sources */,
				C363362F1FC50BA400EECA54 /* Frameworks */,
				C36336301FC50BA400EECA54 /* Resources */,
				F098EE013F78ED2FBF2F6E8A /* [CP] Embed Pods Frameworks */,
				6B83643089328EF9DA525258 /* [CP] Copy Pods Resources */,
			);
			buildRules = (
			);
			dependencies = (
			);
			name = DGButton;
			productName = DGButton;
			productReference = C36336321FC50BA500EECA54 /* DGButton.app */;
			productType = "com.apple.product-type.application";
		};
/* End PBXNativeTarget section */

/* Begin PBXProject section */
		C363362A1FC50BA400EECA54 /* Project object */ = {
			isa = PBXProject;
			attributes = {
				LastUpgradeCheck = 0830;
				ORGANIZATIONNAME = Cody;
				TargetAttributes = {
					C36336311FC50BA400EECA54 = {
						CreatedOnToolsVersion = 8.3.3;
						ProvisioningStyle = Automatic;
					};
				};
			};
			buildConfigurationList = C363362D1FC50BA400EECA54 /* Build configuration list for PBXProject "DGButton" */;
			compatibilityVersion = "Xcode 3.2";
			developmentRegion = English;
			hasScannedForEncodings = 0;
			knownRegions = (
				en,
				Base,
			);
			mainGroup = C36336291FC50BA400EECA54;
			productRefGroup = C36336331FC50BA500EECA54 /* Products */;
			projectDirPath = "";
			projectRoot = "";
			targets = (
				C36336311FC50BA400EECA54 /* DGButton */,
			);
		};
/* End PBXProject section */

/* Begin PBXResourcesBuildPhase section */
		C36336301FC50BA400EECA54 /* Resources */ = {
			isa = PBXResourcesBuildPhase;
			buildActionMask = 2147483647;
			files = (
				C36336451FC50BA500EECA54 /* LaunchScreen.storyboard in Resources */,
				C36336421FC50BA500EECA54 /* Assets.xcassets in Resources */,
				C36336401FC50BA500EECA54 /* Main.storyboard in Resources */,
			);
			runOnlyForDeploymentPostprocessing = 0;
		};
/* End PBXResourcesBuildPhase section */

/* Begin PBXShellScriptBuildPhase section */
		6B83643089328EF9DA525258 /* [CP] Copy Pods Resources */ = {
			isa = PBXShellScriptBuildPhase;
			buildActionMask = 2147483647;
			files = (
			);
			inputPaths = (
			);
			name = "[CP] Copy Pods Resources";
			outputPaths = (
			);
			runOnlyForDeploymentPostprocessing = 0;
			shellPath = /bin/sh;
			shellScript = "\"${SRCROOT}/Pods/Target Support Files/Pods-DGButton/Pods-DGButton-resources.sh\"\n";
			showEnvVarsInLog = 0;
		};
		9E6BEC17D96CDB9D274778CB /* [CP] Check Pods Manifest.lock */ = {
			isa = PBXShellScriptBuildPhase;
			buildActionMask = 2147483647;
			files = (
			);
			inputPaths = (
				"${PODS_PODFILE_DIR_PATH}/Podfile.lock",
				"${PODS_ROOT}/Manifest.lock",
			);
			name = "[CP] Check Pods Manifest.lock";
			outputPaths = (
				"$(DERIVED_FILE_DIR)/Pods-DGButton-checkManifestLockResult.txt",
			);
			runOnlyForDeploymentPostprocessing = 0;
			shellPath = /bin/sh;
			shellScript = "diff \"${PODS_PODFILE_DIR_PATH}/Podfile.lock\" \"${PODS_ROOT}/Manifest.lock\" > /dev/null\nif [ $? != 0 ] ; then\n    # print error to STDERR\n    echo \"error: The sandbox is not in sync with the Podfile.lock. Run 'pod install' or update your CocoaPods installation.\" >&2\n    exit 1\nfi\n# This output is used by Xcode 'outputs' to avoid re-running this script phase.\necho \"SUCCESS\" > \"${SCRIPT_OUTPUT_FILE_0}\"\n";
			showEnvVarsInLog = 0;
		};
		F098EE013F78ED2FBF2F6E8A /* [CP] Embed Pods Frameworks */ = {
			isa = PBXShellScriptBuildPhase;
			buildActionMask = 2147483647;
			files = (
			);
			inputPaths = (
				"${SRCROOT}/Pods/Target Support Files/Pods-DGButton/Pods-DGButton-frameworks.sh",
				"${BUILT_PRODUCTS_DIR}/Masonry/Masonry.framework",
			);
			name = "[CP] Embed Pods Frameworks";
			outputPaths = (
				"${TARGET_BUILD_DIR}/${FRAMEWORKS_FOLDER_PATH}/Masonry.framework",
			);
			runOnlyForDeploymentPostprocessing = 0;
			shellPath = /bin/sh;
			shellScript = "\"${SRCROOT}/Pods/Target Support Files/Pods-DGButton/Pods-DGButton-frameworks.sh\"\n";
			showEnvVarsInLog = 0;
		};
/* End PBXShellScriptBuildPhase section */

/* Begin PBXSourcesBuildPhase section */
		C363362E1FC50BA400EECA54 /* Sources */ = {
			isa = PBXSourcesBuildPhase;
			buildActionMask = 2147483647;
			files = (
				C363364F1FC50D2E00EECA54 /* DGButton.m in Sources */,
				C363363D1FC50BA500EECA54 /* ViewController.m in Sources */,
				C363363A1FC50BA500EECA54 /* AppDelegate.m in Sources */,
				C36336371FC50BA500EECA54 /* main.m in Sources */,
			);
			runOnlyForDeploymentPostprocessing = 0;
		};
/* End PBXSourcesBuildPhase section */

/* Begin PBXVariantGroup section */
		C363363E1FC50BA500EECA54 /* Main.storyboard */ = {
			isa = PBXVariantGroup;
			children = (
				C363363F1FC50BA500EECA54 /* Base */,
			);
			name = Main.storyboard;
			sourceTree = "<group>";
		};
		C36336431FC50BA500EECA54 /* LaunchScreen.storyboard */ = {
			isa = PBXVariantGroup;
			children = (
				C36336441FC50BA500EECA54 /* Base */,
			);
			name = LaunchScreen.storyboard;
			sourceTree = "<group>";
		};
/* End PBXVariantGroup section */

/* Begin XCBuildConfiguration section */
		C36336471FC50BA500EECA54 /* Debug */ = {
			isa = XCBuildConfiguration;
			buildSettings = {
				ALWAYS_SEARCH_USER_PATHS = NO;
				CLANG_ANALYZER_NONNULL = YES;
				CLANG_ANALYZER_NUMBER_OBJECT_CONVERSION = YES_AGGRESSIVE;
				CLANG_CXX_LANGUAGE_STANDARD = "gnu++0x";
				CLANG_CXX_LIBRARY = "libc++";
				CLANG_ENABLE_MODULES = YES;
				CLANG_ENABLE_OBJC_ARC = YES;
				CLANG_WARN_BOOL_CONVERSION = YES;
				CLANG_WARN_CONSTANT_CONVERSION = YES;
				CLANG_WARN_DIRECT_OBJC_ISA_USAGE = YES_ERROR;
				CLANG_WARN_DOCUMENTATION_COMMENTS = YES;
				CLANG_WARN_EMPTY_BODY = YES;
				CLANG_WARN_ENUM_CONVERSION = YES;
				CLANG_WARN_INFINITE_RECURSION = YES;
				CLANG_WARN_INT_CONVERSION = YES;
				CLANG_WARN_OBJC_ROOT_CLASS = YES_ERROR;
				CLANG_WARN_SUSPICIOUS_MOVE = YES;
				CLANG_WARN_UNREACHABLE_CODE = YES;
				CLANG_WARN__DUPLICATE_METHOD_MATCH = YES;
				"CODE_SIGN_IDENTITY[sdk=iphoneos*]" = "iPhone Developer";
				COPY_PHASE_STRIP = NO;
				DEBUG_INFORMATION_FORMAT = dwarf;
				ENABLE_STRICT_OBJC_MSGSEND = YES;
				ENABLE_TESTABILITY = YES;
				GCC_C_LANGUAGE_STANDARD = gnu99;
				GCC_DYNAMIC_NO_PIC = NO;
				GCC_NO_COMMON_BLOCKS = YES;
				GCC_OPTIMIZATION_LEVEL = 0;
				GCC_PREPROCESSOR_DEFINITIONS = (
					"DEBUG=1",
					"$(inherited)",
				);
				GCC_WARN_64_TO_32_BIT_CONVERSION = YES;
				GCC_WARN_ABOUT_RETURN_TYPE = YES_ERROR;
				GCC_WARN_UNDECLARED_SELECTOR = YES;
				GCC_WARN_UNINITIALIZED_AUTOS = YES_AGGRESSIVE;
				GCC_WARN_UNUSED_FUNCTION = YES;
				GCC_WARN_UNUSED_VARIABLE = YES;
				IPHONEOS_DEPLOYMENT_TARGET = 10.3;
				MTL_ENABLE_DEBUG_INFO = YES;
				ONLY_ACTIVE_ARCH = YES;
				SDKROOT = iphoneos;
			};
			name = Debug;
		};
		C36336481FC50BA500EECA54 /* Release */ = {
			isa = XCBuildConfiguration;
			buildSettings = {
				ALWAYS_SEARCH_USER_PATHS = NO;
				CLANG_ANALYZER_NONNULL = YES;
				CLANG_ANALYZER_NUMBER_OBJECT_CONVERSION = YES_AGGRESSIVE;
				CLANG_CXX_LANGUAGE_STANDARD = "gnu++0x";
				CLANG_CXX_LIBRARY = "libc++";
				CLANG_ENABLE_MODULES = YES;
				CLANG_ENABLE_OBJC_ARC = YES;
				CLANG_WARN_BOOL_CONVERSION = YES;
				CLANG_WARN_CONSTANT_CONVERSION = YES;
				CLANG_WARN_DIRECT_OBJC_ISA_USAGE = YES_ERROR;
				CLANG_WARN_DOCUMENTATION_COMMENTS = YES;
				CLANG_WARN_EMPTY_BODY = YES;
				CLANG_WARN_ENUM_CONVERSION = YES;
				CLANG_WARN_INFINITE_RECURSION = YES;
				CLANG_WARN_INT_CONVERSION = YES;
				CLANG_WARN_OBJC_ROOT_CLASS = YES_ERROR;
				CLANG_WARN_SUSPICIOUS_MOVE = YES;
				CLANG_WARN_UNREACHABLE_CODE = YES;
				CLANG_WARN__DUPLICATE_METHOD_MATCH = YES;
				"CODE_SIGN_IDENTITY[sdk=iphoneos*]" = "iPhone Developer";
				COPY_PHASE_STRIP = NO;
				DEBUG_INFORMATION_FORMAT = "dwarf-with-dsym";
				ENABLE_NS_ASSERTIONS = NO;
				ENABLE_STRICT_OBJC_MSGSEND = YES;
				GCC_C_LANGUAGE_STANDARD = gnu99;
				GCC_NO_COMMON_BLOCKS = YES;
				GCC_WARN_64_TO_32_BIT_CONVERSION = YES;
				GCC_WARN_ABOUT_RETURN_TYPE = YES_ERROR;
				GCC_WARN_UNDECLARED_SELECTOR = YES;
				GCC_WARN_UNINITIALIZED_AUTOS = YES_AGGRESSIVE;
				GCC_WARN_UNUSED_FUNCTION = YES;
				GCC_WARN_UNUSED_VARIABLE = YES;
				IPHONEOS_DEPLOYMENT_TARGET = 10.3;
				MTL_ENABLE_DEBUG_INFO = NO;
				SDKROOT = iphoneos;
				VALIDATE_PRODUCT = YES;
			};
			name = Release;
		};
		C363364A1FC50BA500EECA54 /* Debug */ = {
			isa = XCBuildConfiguration;
			baseConfigurationReference = BACDED58468F47B4B0973E27 /* Pods-DGButton.debug.xcconfig */;
			buildSettings = {
				ASSETCATALOG_COMPILER_APPICON_NAME = AppIcon;
				INFOPLIST_FILE = DGButton/Info.plist;
				LD_RUNPATH_SEARCH_PATHS = "$(inherited) @executable_path/Frameworks";
				PRODUCT_BUNDLE_IDENTIFIER = com.zhongweidi.DGButton;
				PRODUCT_NAME = "$(TARGET_NAME)";
			};
			name = Debug;
		};
		C363364B1FC50BA500EECA54 /* Release */ = {
			isa = XCBuildConfiguration;
			baseConfigurationReference = D0E82ACCDF3B2FBAE961E23F /* Pods-DGButton.release.xcconfig */;
			buildSettings = {
				ASSETCATALOG_COMPILER_APPICON_NAME = AppIcon;
				INFOPLIST_FILE = DGButton/Info.plist;
				LD_RUNPATH_SEARCH_PATHS = "$(inherited) @executable_path/Frameworks";
				PRODUCT_BUNDLE_IDENTIFIER = com.zhongweidi.DGButton;
				PRODUCT_NAME = "$(TARGET_NAME)";
			};
			name = Release;
		};
/* End XCBuildConfiguration section */

/* Begin XCConfigurationList section */
		C363362D1FC50BA400EECA54 /* Build configuration list for PBXProject "DGButton" */ = {
			isa = XCConfigurationList;
			buildConfigurations = (
				C36336471FC50BA500EECA54 /* Debug */,
				C36336481FC50BA500EECA54 /* Release */,
			);
			defaultConfigurationIsVisible = 0;
			defaultConfigurationName = Release;
		};
		C36336491FC50BA500EECA54 /* Build configuration list for PBXNativeTarget "DGButton" */ = {
			isa = XCConfigurationList;
			buildConfigurations = (
				C363364A1FC50BA500EECA54 /* Debug */,
				C363364B1FC50BA500EECA54 /* Release */,
			);
			defaultConfigurationIsVisible = 0;
			defaultConfigurationName = Release;
		};
/* End XCConfigurationList section */
	};
	rootObject = C363362A1FC50BA400EECA54 /* Project object */;
}
